# Generated by pub
# See https://dart.dev/tools/pub/glossary#lockfile
packages:
  lint_hard:
    dependency: "direct dev"
    description:
      name: lint_hard
      sha256: "638d2cce6d3d5499826be71311d18cded797a51351eaa1aee7a35a2f0f9bc46e"
      url: "https://pub.dev"
    source: hosted
    version: "5.0.0"
  meta:
    dependency: transitive
    description:
      name: meta
      sha256: bdb68674043280c3428e9ec998512fb681678676b3c54e773629ffe74419f8c7
      url: "https://pub.dev"
    source: hosted
    version: "1.15.0"
  scope:
    dependency: "direct dev"
    description:
      name: scope
      sha256: d4ee4dacb133196db274c202d507622a619b01aa7d2354c42ce5cdc4b267ead6
      url: "https://pub.dev"
    source: hosted
    version: "5.0.0"
sdks:
  dart: ">=3.5.0 <4.0.0"
