# Generated by pub
# See https://dart.dev/tools/pub/glossary#lockfile
packages:
  lint_hard:
    dependency: "direct dev"
    description:
      name: lint_hard
      sha256: "638d2cce6d3d5499826be71311d18cded797a51351eaa1aee7a35a2f0f9bc46e"
      url: "https://pub.dev"
    source: hosted
    version: "5.0.0"
  meta:
    dependency: transitive
    description:
      name: meta
      sha256: "9f29b9bcc8ee287b1a31e0d01be0eae99a930dbffdaecf04b3f3d82a969f296f"
      url: "https://pub.dev"
    source: hosted
    version: "1.18.1"
  scope:
    dependency: "direct dev"
    description:
      name: scope
      sha256: "0b056e5b64ca16a2db9e1eb35cf7fd05a9e99a6b15140f82bfa651d081e4819b"
      url: "https://pub.dev"
    source: hosted
    version: "5.1.0"
sdks:
  dart: ">=3.5.0 <4.0.0"
