# Generated by pub
# See https://dart.dev/tools/pub/glossary#lockfile
packages:
  _fe_analyzer_shared:
    dependency: transitive
    description:
      name: _fe_analyzer_shared
      sha256: b25d8b5504de2a45043b4e34bed98d8d344373cf8d408e7b1b379c87d71b7fb5
      url: "https://pub.dev"
    source: hosted
    version: "26.0.0"
  analyzer:
    dependency: "direct dev"
    description:
      name: analyzer
      sha256: "5398cf810fe9cb3fba8ca6a39411e31ad55813dab0ff1eff713ddcab757531ad"
      url: "https://pub.dev"
    source: hosted
    version: "2.3.0"
  archive:
    dependency: transitive
    description:
      name: archive
      sha256: "0c8368c9b3f0abbc193b9d6133649a614204b528982bebc7026372d61677ce3a"
      url: "https://pub.dev"
    source: hosted
    version: "3.3.7"
  args:
    dependency: "direct dev"
    description:
      name: args
      sha256: b003c3098049a51720352d219b0bb5f219b60fbfb68e7a4748139a06a5676515
      url: "https://pub.dev"
    source: hosted
    version: "2.3.1"
  async:
    dependency: "direct dev"
    description:
      name: async
      sha256: db4766341bd8ecb66556f31ab891a5d596ef829221993531bd64a8e6342f0cda
      url: "https://pub.dev"
    source: hosted
    version: "2.8.2"
  basic_utils:
    dependency: "direct dev"
    description:
      name: basic_utils
      sha256: a9518dd034b963078fc152653b2c8714cdd3793586db70cc0c6a3cc29f4e98e4
      url: "https://pub.dev"
    source: hosted
    version: "3.8.0"
  chunked_stream:
    dependency: transitive
    description:
      name: chunked_stream
      sha256: a8a0dcb519bd603b397cd242152fe76861d7c65200be58cb8114d96226252ad3
      url: "https://pub.dev"
    source: hosted
    version: "1.4.1"
  circular_buffer:
    dependency: transitive
    description:
      name: circular_buffer
      sha256: "533c5e63b023d2e0996c2fb37f197d18f7e69bf2c5752f125b9d657df9c1d691"
      url: "https://pub.dev"
    source: hosted
    version: "0.9.1"
  cli_util:
    dependency: "direct dev"
    description:
      name: cli_util
      sha256: "66f86e916d285c1a93d3b79587d94bd71984a66aac4ff74e524cfa7877f1395c"
      url: "https://pub.dev"
    source: hosted
    version: "0.3.5"
  collection:
    dependency: "direct dev"
    description:
      name: collection
      sha256: cfc915e6923fe5ce6e153b0723c753045de46de1b4d63771530504004a45fae0
      url: "https://pub.dev"
    source: hosted
    version: "1.17.0"
  convert:
    dependency: transitive
    description:
      name: convert
      sha256: "1be13198012c1d5bc042dc40ad1d7f16cbd522350984c0c1abf471d6d7e305c6"
      url: "https://pub.dev"
    source: hosted
    version: "3.1.0"
  crypto:
    dependency: "direct dev"
    description:
      name: crypto
      sha256: cf75650c66c0316274e21d7c43d3dea246273af5955bd94e8184837cd577575c
      url: "https://pub.dev"
    source: hosted
    version: "3.0.1"
  csv:
    dependency: transitive
    description:
      name: csv
      sha256: "18aef53ab72181a0b5384562d18c8cbd57e941e24cb8e54eb41409d3d8abdc6d"
      url: "https://pub.dev"
    source: hosted
    version: "5.0.1"
  dart_console:
    dependency: transitive
    description:
      name: dart_console
      sha256: eba6af9ef2172df11ce49053d16b868de82684bc02123baf21bd8c9b1850a106
      url: "https://pub.dev"
    source: hosted
    version: "1.0.0"
  dcli:
    dependency: "direct dev"
    description:
      name: dcli
      sha256: a68458bb860db76c59d0d6344a9bec4c0ba5952bf960fafa94ad2c2fe9883a55
      url: "https://pub.dev"
    source: hosted
    version: "1.22.5"
  dcli_core:
    dependency: transitive
    description:
      name: dcli_core
      sha256: "9e61f1f11405a95345386e57ab5deee9cd8b67bdeaeb59f325745eccada48430"
      url: "https://pub.dev"
    source: hosted
    version: "1.22.5"
  equatable:
    dependency: "direct dev"
    description:
      name: equatable
      sha256: c2b87cb7756efdf69892005af546c56c0b5037f54d2a88269b4f347a505e3ca2
      url: "https://pub.dev"
    source: hosted
    version: "2.0.5"
  ffi:
    dependency: transitive
    description:
      name: ffi
      sha256: "13a6ccf6a459a125b3fcdb6ec73bd5ff90822e071207c663bfd1f70062d51d18"
      url: "https://pub.dev"
    source: hosted
    version: "1.2.1"
  file:
    dependency: transitive
    description:
      name: file
      sha256: "1b92bec4fc2a72f59a8e15af5f52cd441e4a7860b49499d69dfa817af20e925d"
      url: "https://pub.dev"
    source: hosted
    version: "6.1.4"
  file_utils:
    dependency: transitive
    description:
      name: file_utils
      sha256: d1e64389a22649095c8405c9e177272caf05139255931c9ff30d53b5c9bcaa34
      url: "https://pub.dev"
    source: hosted
    version: "1.0.1"
  frontend_server_client:
    dependency: "direct dev"
    description:
      name: frontend_server_client
      sha256: "4f4a162323c86ffc1245765cfe138872b8f069deb42f7dbb36115fa27f31469b"
      url: "https://pub.dev"
    source: hosted
    version: "2.1.3"
  glob:
    dependency: "direct dev"
    description:
      name: glob
      sha256: dda85ce2aefce16f7e75586acbcb1e8320bf176f69fd94082e31945d6de67f3e
      url: "https://pub.dev"
    source: hosted
    version: "2.0.1"
  globbing:
    dependency: transitive
    description:
      name: globbing
      sha256: "4f89cfaf6fa74c9c1740a96259da06bd45411ede56744e28017cc534a12b6e2d"
      url: "https://pub.dev"
    source: hosted
    version: "1.0.0"
  http:
    dependency: "direct dev"
    description:
      name: http
      sha256: b6f1f143a71e1fe1b34670f1acd6f13960ade2557c96b87e127e0cf661969791
      url: "https://pub.dev"
    source: hosted
    version: "0.13.3"
  http_multi_server:
    dependency: "direct dev"
    description:
      name: http_multi_server
      sha256: "97486f20f9c2f7be8f514851703d0119c3596d14ea63227af6f7a481ef2b2f8b"
      url: "https://pub.dev"
    source: hosted
    version: "3.2.1"
  http_parser:
    dependency: "direct dev"
    description:
      name: http_parser
      sha256: "2aa08ce0341cc9b354a498388e30986515406668dbcc4f7c950c3e715496693b"
      url: "https://pub.dev"
    source: hosted
    version: "4.0.2"
  ini:
    dependency: transitive
    description:
      name: ini
      sha256: "12a76c53591ffdf86d1265be3f986888a6dfeb34a85957774bc65912d989a173"
      url: "https://pub.dev"
    source: hosted
    version: "2.1.0"
  js:
    dependency: transitive
    description:
      name: js
      sha256: d9bdfd70d828eeb352390f81b18d6a354ef2044aa28ef25682079797fa7cd174
      url: "https://pub.dev"
    source: hosted
    version: "0.6.3"
  json_annotation:
    dependency: "direct dev"
    description:
      name: json_annotation
      sha256: "0aa7409f6c82acfab96853b8b0c7503de49918cbe705a57cfdeb477756b4521b"
      url: "https://pub.dev"
    source: hosted
    version: "4.1.0"
  lint_hard:
    dependency: "direct dev"
    description:
      name: lint_hard
      sha256: e136c173b7f181758ff6802067f96fe773d9e432c01d38de1ed98580b267a55e
      url: "https://pub.dev"
    source: hosted
    version: "1.0.4"
  logging:
    dependency: transitive
    description:
      name: logging
      sha256: c0bbfe94d46aedf9b8b3e695cf3bd48c8e14b35e3b2c639e0aa7755d589ba946
      url: "https://pub.dev"
    source: hosted
    version: "1.1.0"
  meta:
    dependency: "direct dev"
    description:
      name: meta
      sha256: "3c74dbf8763d36539f114c799d8a2d87343b5067e9d796ca22b5eb8437090ee3"
      url: "https://pub.dev"
    source: hosted
    version: "1.9.1"
  mime:
    dependency: transitive
    description:
      name: mime
      sha256: "52e38f7e1143ef39daf532117d6b8f8f617bf4bcd6044ed8c29040d20d269630"
      url: "https://pub.dev"
    source: hosted
    version: "1.0.3"
  oauth2:
    dependency: "direct dev"
    description:
      name: oauth2
      sha256: e5c8b77472d3643e2a4413e9be4cdb5d094cfa4e4f0dfdde8a8f03163dbcb485
      url: "https://pub.dev"
    source: hosted
    version: "2.0.0"
  package_config:
    dependency: transitive
    description:
      name: package_config
      sha256: "1c5b77ccc91e4823a5af61ee74e6b972db1ef98c2ff5a18d3161c982a55448bd"
      url: "https://pub.dev"
    source: hosted
    version: "2.1.0"
  path:
    dependency: "direct dev"
    description:
      name: path
      sha256: "8829d8a55c13fc0e37127c29fedf290c102f4e40ae94ada574091fe0ff96c917"
      url: "https://pub.dev"
    source: hosted
    version: "1.8.3"
  pedantic:
    dependency: transitive
    description:
      name: pedantic
      sha256: "67fc27ed9639506c856c840ccce7594d0bdcd91bc8d53d6e52359449a1d50602"
      url: "https://pub.dev"
    source: hosted
    version: "1.11.1"
  pointycastle:
    dependency: transitive
    description:
      name: pointycastle
      sha256: db7306cf0249f838d1a24af52b5a5887c5bf7f31d8bb4e827d071dc0939ad346
      url: "https://pub.dev"
    source: hosted
    version: "3.6.2"
  pool:
    dependency: "direct dev"
    description:
      name: pool
      sha256: "20fe868b6314b322ea036ba325e6fc0711a22948856475e2c2b6306e8ab39c2a"
      url: "https://pub.dev"
    source: hosted
    version: "1.5.1"
  posix:
    dependency: transitive
    description:
      name: posix
      sha256: "6446ba818315c21e0fab0c638d3a45948c4d473a11761bdd1782c00305de98a6"
      url: "https://pub.dev"
    source: hosted
    version: "2.2.3"
  pub_semver:
    dependency: "direct dev"
    description:
      name: pub_semver
      sha256: b959af0a045c3484c4a8f4997731f5bfe4cac60d732fd8ce35b351f2d6a459fe
      url: "https://pub.dev"
    source: hosted
    version: "2.1.2"
  pubspec2:
    dependency: "direct dev"
    description:
      name: pubspec2
      sha256: "7b1fd81927f1da6d88457c83b51134e1bc8cb07638bd8d9e205b2ce1cd9ec091"
      url: "https://pub.dev"
    source: hosted
    version: "2.4.2"
  random_string:
    dependency: transitive
    description:
      name: random_string
      sha256: "03b52435aae8cbdd1056cf91bfc5bf845e9706724dd35ae2e99fa14a1ef79d02"
      url: "https://pub.dev"
    source: hosted
    version: "2.3.1"
  scope:
    dependency: transitive
    description:
      name: scope
      sha256: e0c880d8f0db2ffd2accd63eeb02396748f3b8a2f71bce4b7d3f8dab75fc8a74
      url: "https://pub.dev"
    source: hosted
    version: "3.0.0"
  settings_yaml:
    dependency: "direct dev"
    description:
      name: settings_yaml
      sha256: c73512069690260c6ab0b210dc2e040edda8f467723522f86e42546ec1efb42b
      url: "https://pub.dev"
    source: hosted
    version: "3.5.1"
  shelf:
    dependency: "direct dev"
    description:
      name: shelf
      sha256: c240984c924796e055e831a0a36db23be8cb04f170b26df572931ab36418421d
      url: "https://pub.dev"
    source: hosted
    version: "1.2.0"
  source_span:
    dependency: "direct dev"
    description:
      name: source_span
      sha256: d5f89a9e52b36240a80282b3dc0667dd36e53459717bb17b8fb102d30496606a
      url: "https://pub.dev"
    source: hosted
    version: "1.8.1"
  stack_trace:
    dependency: "direct dev"
    description:
      name: stack_trace
      sha256: f8d9f247e2f9f90e32d1495ff32dac7e4ae34ffa7194c5ff8fcc0fd0e52df774
      url: "https://pub.dev"
    source: hosted
    version: "1.10.0"
  stacktrace_impl:
    dependency: transitive
    description:
      name: stacktrace_impl
      sha256: a42791862f672151d7f5a12911bf607c5b6d600f15f4f2457ef4ec92bfcf561b
      url: "https://pub.dev"
    source: hosted
    version: "2.3.0"
  stream_channel:
    dependency: transitive
    description:
      name: stream_channel
      sha256: db47e4797198ee601990820437179bb90219f918962318d494ada2b4b11e6f6d
      url: "https://pub.dev"
    source: hosted
    version: "2.1.0"
  string_scanner:
    dependency: transitive
    description:
      name: string_scanner
      sha256: "862015c5db1f3f3c4ea3b94dc2490363a84262994b88902315ed74be1155612f"
      url: "https://pub.dev"
    source: hosted
    version: "1.1.1"
  system_info2:
    dependency: transitive
    description:
      name: system_info2
      sha256: af2f948e3f31a3367a049932a8ad59faf0063ecf836a020d975b9f41566d8bc9
      url: "https://pub.dev"
    source: hosted
    version: "3.0.2"
  term_glyph:
    dependency: transitive
    description:
      name: term_glyph
      sha256: a29248a84fbb7c79282b40b8c72a1209db169a2e0542bce341da992fe1bc7e84
      url: "https://pub.dev"
    source: hosted
    version: "1.2.1"
  typed_data:
    dependency: "direct dev"
    description:
      name: typed_data
      sha256: "26f87ade979c47a150c9eaab93ccd2bebe70a27dc0b4b29517f2904f04eb11a5"
      url: "https://pub.dev"
    source: hosted
    version: "1.3.1"
  url_builder:
    dependency: "direct dev"
    description:
      name: url_builder
      sha256: a87188a2771a114195438642a0b02597e2e4f30994657fa703a8833673c3447d
      url: "https://pub.dev"
    source: hosted
    version: "1.0.0"
  usage:
    dependency: "direct dev"
    description:
      name: usage
      sha256: "5ecee630efef684f48c9b9e688974cf16e746c092f4bd97d847468d036a73cbd"
      url: "https://pub.dev"
    source: hosted
    version: "4.0.2"
  uuid:
    dependency: transitive
    description:
      name: uuid
      sha256: "648e103079f7c64a36dc7d39369cabb358d377078a051d6ae2ad3aa539519313"
      url: "https://pub.dev"
    source: hosted
    version: "3.0.7"
  validators2:
    dependency: "direct dev"
    description:
      name: validators2
      sha256: c95746d5176ed1c01aff95fcd1ef22b6459f48a8aa26577ddf7a1e21919a81dc
      url: "https://pub.dev"
    source: hosted
    version: "3.0.0"
  vin_decoder:
    dependency: transitive
    description:
      name: vin_decoder
      sha256: d6934cd36d24e5f306dbcc3eb00f7104fb7d34e2bc82ab2c67f89cedbc983250
      url: "https://pub.dev"
    source: hosted
    version: "0.2.1-nullsafety"
  watcher:
    dependency: "direct dev"
    description:
      name: watcher
      sha256: "68173f2fa67d241323a4123be7ed4e43424c54befa5505d71c8ad4b7baf8f71d"
      url: "https://pub.dev"
    source: hosted
    version: "1.0.0"
  win32:
    dependency: "direct dev"
    description:
      name: win32
      sha256: c0ee29e0f6e4ee5a63983aae753640adc15017b34e50424f8b45063426e19c5b
      url: "https://pub.dev"
    source: hosted
    version: "2.0.5"
  yaml:
    dependency: "direct dev"
    description:
      name: yaml
      sha256: "23812a9b125b48d4007117254bca50abb6c712352927eece9e155207b1db2370"
      url: "https://pub.dev"
    source: hosted
    version: "3.1.1"
  yaml_edit:
    dependency: "direct dev"
    description:
      name: yaml_edit
      sha256: "0b968021754d8fbd3e9c83563b538ee417d88b2cc587606da5615546b7ee033b"
      url: "https://pub.dev"
    source: hosted
    version: "2.1.0"
sdks:
  dart: ">=2.12.0 <4.0.0"
